
Microsoft Visual Studio Solution File, Format Version 12.00
# Visual Studio Version 17
VisualStudioVersion = 17.1.32319.34
MinimumVisualStudioVersion = 10.0.40219.1
Project("{2150E333-8FDC-42A3-9474-1A3956D46DE8}") = "SOLID", "SOLID", "{32EAE84D-3198-47D1-B7BD-21466DCBE261}"
EndProject
Project("{9A19103F-16F7-4668-BE54-9A1E7A4F7556}") = "001_Single-responsibility-principle", "001_Single-responsibility-principle\001_Single-responsibility-principle.csproj", "{1366F4BF-ED30-44DD-8E48-2B28DB79C75F}"
EndProject
Project("{9A19103F-16F7-4668-BE54-9A1E7A4F7556}") = "002_open–closed principle", "002_open–closed principle\002_open–closed principle.csproj", "{3FB6C4BF-AA67-4A14-BCFB-0B939D0ACE56}"
EndProject
Project("{9A19103F-16F7-4668-BE54-9A1E7A4F7556}") = "003_Liskov-substitution-principle", "003_Liskov-substitution-principle\003_Liskov-substitution-principle.csproj", "{CBB17C88-FF94-44C9-8B54-6BF3F736843A}"
EndProject
Project("{9A19103F-16F7-4668-BE54-9A1E7A4F7556}") = "004_interface segregation principle", "004_interface segregation principle\004_interface segregation principle.csproj", "{899DC51B-F27B-4518-97F7-1B17F6D38CED}"
EndProject
Project("{9A19103F-16F7-4668-BE54-9A1E7A4F7556}") = "005_DepedencyInversion", "005_DepedencyInversion\005_DepedencyInversion.csproj", "{95ECA1F7-FA5D-463B-9D8F-FD05DD29FD59}"
EndProject
Project("{9A19103F-16F7-4668-BE54-9A1E7A4F7556}") = "DefaultWebAPI_NET5", "DefaultWebAPI_NET5\DefaultWebAPI_NET5.csproj", "{040AAC1E-49AF-4B00-BE4F-A9027A5DF88B}"
EndProject
Project("{2150E333-8FDC-42A3-9474-1A3956D46DE8}") = "IOC Container", "IOC Container", "{5F689EED-65C8-4631-8060-EE0921F0360D}"
EndProject
Project("{9A19103F-16F7-4668-BE54-9A1E7A4F7556}") = "ServiceCollectionAndServiceProvider", "ServiceCollectionAndServiceProvider\ServiceCollectionAndServiceProvider.csproj", "{9F3D2353-8BD1-48F7-9CE6-185236C45344}"
EndProject
Project("{9A19103F-16F7-4668-BE54-9A1E7A4F7556}") = "DefaultWebAPI_NET6", "DefaultWebAPI_NET6\DefaultWebAPI_NET6.csproj", "{740BA5D7-0703-4878-AD85-DE9E4028BF7A}"
EndProject
Project("{9A19103F-16F7-4668-BE54-9A1E7A4F7556}") = "ControllerSamples", "WebApplication1\ControllerSamples.csproj", "{79F54C5F-E0AC-46FE-8E88-ED235903ED3F}"
EndProject
Project("{2150E333-8FDC-42A3-9474-1A3956D46DE8}") = "Solution Items", "Solution Items", "{61B44E47-28C3-4139-B18B-2875E7DFE3AD}"
	ProjectSection(SolutionItems) = preProject
		..\Agenda.md = ..\Agenda.md
	EndProjectSection
EndProject
Project("{9A19103F-16F7-4668-BE54-9A1E7A4F7556}") = "SwaggerCommentsSample", "SwaggerCommentsSample\SwaggerCommentsSample.csproj", "{2F776647-E2A4-486D-BE17-420D1949F21F}"
EndProject
Project("{9A19103F-16F7-4668-BE54-9A1E7A4F7556}") = "SwaggerCommentSampleNet5", "SwaggerCommentSampleNet5\SwaggerCommentSampleNet5.csproj", "{408CD921-FDDB-4B4B-B852-97217016B66B}"
EndProject
Project("{FAE04EC0-301F-11D3-BF4B-00C04F79EFBC}") = "WebAPIWithEFCore", "WebAPIWithEFCore\WebAPIWithEFCore.csproj", "{A9DE48A7-ABF8-4A4B-9BB9-97649C30249B}"
EndProject
Project("{FAE04EC0-301F-11D3-BF4B-00C04F79EFBC}") = "AuthentifacationWithAD", "AuthentifacationWithAD\AuthentifacationWithAD.csproj", "{091C28F5-F508-423E-A449-09C6F7DFF6AA}"
EndProject
Project("{FAE04EC0-301F-11D3-BF4B-00C04F79EFBC}") = "AuthentificationWithAccounts", "AuthentificationWithAccounts\AuthentificationWithAccounts.csproj", "{1314DD67-5075-495A-AF2F-67D8CFE894B8}"
EndProject
Project("{FAE04EC0-301F-11D3-BF4B-00C04F79EFBC}") = "AppClientWithBearerToken", "AppClientWithBearerToken\AppClientWithBearerToken.csproj", "{A49A749B-6CF3-4DE6-B061-6D9012B4BA40}"
EndProject
Project("{2150E333-8FDC-42A3-9474-1A3956D46DE8}") = "HttpClientSample", "HttpClientSample", "{FACC8359-BE73-404C-9B91-1649FF9D90FD}"
EndProject
Project("{FAE04EC0-301F-11D3-BF4B-00C04F79EFBC}") = "SharedLib", "SharedLib\SharedLib.csproj", "{AE55D3A8-3273-465F-8965-D18C62550D5D}"
EndProject
Project("{FAE04EC0-301F-11D3-BF4B-00C04F79EFBC}") = "MovieAPI", "MovieAPI\MovieAPI.csproj", "{71A6BC26-016C-4BB1-8E79-510AFD15E138}"
EndProject
Project("{FAE04EC0-301F-11D3-BF4B-00C04F79EFBC}") = "MovieClient", "MovieClient\MovieClient.csproj", "{283BC62B-1006-49AC-BA65-B801C9A128AC}"
EndProject
Project("{9A19103F-16F7-4668-BE54-9A1E7A4F7556}") = "OData80SampleService", "..\OData80SampleService\OData80SampleService.csproj", "{8CCD57CE-B75B-4C28-B02D-13EB26E95191}"
EndProject
Global
	GlobalSection(SolutionConfigurationPlatforms) = preSolution
		Debug|Any CPU = Debug|Any CPU
		Release|Any CPU = Release|Any CPU
	EndGlobalSection
	GlobalSection(ProjectConfigurationPlatforms) = postSolution
		{1366F4BF-ED30-44DD-8E48-2B28DB79C75F}.Debug|Any CPU.ActiveCfg = Debug|Any CPU
		{1366F4BF-ED30-44DD-8E48-2B28DB79C75F}.Debug|Any CPU.Build.0 = Debug|Any CPU
		{1366F4BF-ED30-44DD-8E48-2B28DB79C75F}.Release|Any CPU.ActiveCfg = Release|Any CPU
		{1366F4BF-ED30-44DD-8E48-2B28DB79C75F}.Release|Any CPU.Build.0 = Release|Any CPU
		{3FB6C4BF-AA67-4A14-BCFB-0B939D0ACE56}.Debug|Any CPU.ActiveCfg = Debug|Any CPU
		{3FB6C4BF-AA67-4A14-BCFB-0B939D0ACE56}.Debug|Any CPU.Build.0 = Debug|Any CPU
		{3FB6C4BF-AA67-4A14-BCFB-0B939D0ACE56}.Release|Any CPU.ActiveCfg = Release|Any CPU
		{3FB6C4BF-AA67-4A14-BCFB-0B939D0ACE56}.Release|Any CPU.Build.0 = Release|Any CPU
		{CBB17C88-FF94-44C9-8B54-6BF3F736843A}.Debug|Any CPU.ActiveCfg = Debug|Any CPU
		{CBB17C88-FF94-44C9-8B54-6BF3F736843A}.Debug|Any CPU.Build.0 = Debug|Any CPU
		{CBB17C88-FF94-44C9-8B54-6BF3F736843A}.Release|Any CPU.ActiveCfg = Release|Any CPU
		{CBB17C88-FF94-44C9-8B54-6BF3F736843A}.Release|Any CPU.Build.0 = Release|Any CPU
		{899DC51B-F27B-4518-97F7-1B17F6D38CED}.Debug|Any CPU.ActiveCfg = Debug|Any CPU
		{899DC51B-F27B-4518-97F7-1B17F6D38CED}.Debug|Any CPU.Build.0 = Debug|Any CPU
		{899DC51B-F27B-4518-97F7-1B17F6D38CED}.Release|Any CPU.ActiveCfg = Release|Any CPU
		{899DC51B-F27B-4518-97F7-1B17F6D38CED}.Release|Any CPU.Build.0 = Release|Any CPU
		{95ECA1F7-FA5D-463B-9D8F-FD05DD29FD59}.Debug|Any CPU.ActiveCfg = Debug|Any CPU
		{95ECA1F7-FA5D-463B-9D8F-FD05DD29FD59}.Debug|Any CPU.Build.0 = Debug|Any CPU
		{95ECA1F7-FA5D-463B-9D8F-FD05DD29FD59}.Release|Any CPU.ActiveCfg = Release|Any CPU
		{95ECA1F7-FA5D-463B-9D8F-FD05DD29FD59}.Release|Any CPU.Build.0 = Release|Any CPU
		{040AAC1E-49AF-4B00-BE4F-A9027A5DF88B}.Debug|Any CPU.ActiveCfg = Debug|Any CPU
		{040AAC1E-49AF-4B00-BE4F-A9027A5DF88B}.Debug|Any CPU.Build.0 = Debug|Any CPU
		{040AAC1E-49AF-4B00-BE4F-A9027A5DF88B}.Release|Any CPU.ActiveCfg = Release|Any CPU
		{040AAC1E-49AF-4B00-BE4F-A9027A5DF88B}.Release|Any CPU.Build.0 = Release|Any CPU
		{9F3D2353-8BD1-48F7-9CE6-185236C45344}.Debug|Any CPU.ActiveCfg = Debug|Any CPU
		{9F3D2353-8BD1-48F7-9CE6-185236C45344}.Debug|Any CPU.Build.0 = Debug|Any CPU
		{9F3D2353-8BD1-48F7-9CE6-185236C45344}.Release|Any CPU.ActiveCfg = Release|Any CPU
		{9F3D2353-8BD1-48F7-9CE6-185236C45344}.Release|Any CPU.Build.0 = Release|Any CPU
		{740BA5D7-0703-4878-AD85-DE9E4028BF7A}.Debug|Any CPU.ActiveCfg = Debug|Any CPU
		{740BA5D7-0703-4878-AD85-DE9E4028BF7A}.Debug|Any CPU.Build.0 = Debug|Any CPU
		{740BA5D7-0703-4878-AD85-DE9E4028BF7A}.Release|Any CPU.ActiveCfg = Release|Any CPU
		{740BA5D7-0703-4878-AD85-DE9E4028BF7A}.Release|Any CPU.Build.0 = Release|Any CPU
		{79F54C5F-E0AC-46FE-8E88-ED235903ED3F}.Debug|Any CPU.ActiveCfg = Debug|Any CPU
		{79F54C5F-E0AC-46FE-8E88-ED235903ED3F}.Debug|Any CPU.Build.0 = Debug|Any CPU
		{79F54C5F-E0AC-46FE-8E88-ED235903ED3F}.Release|Any CPU.ActiveCfg = Release|Any CPU
		{79F54C5F-E0AC-46FE-8E88-ED235903ED3F}.Release|Any CPU.Build.0 = Release|Any CPU
		{2F776647-E2A4-486D-BE17-420D1949F21F}.Debug|Any CPU.ActiveCfg = Debug|Any CPU
		{2F776647-E2A4-486D-BE17-420D1949F21F}.Debug|Any CPU.Build.0 = Debug|Any CPU
		{2F776647-E2A4-486D-BE17-420D1949F21F}.Release|Any CPU.ActiveCfg = Release|Any CPU
		{2F776647-E2A4-486D-BE17-420D1949F21F}.Release|Any CPU.Build.0 = Release|Any CPU
		{408CD921-FDDB-4B4B-B852-97217016B66B}.Debug|Any CPU.ActiveCfg = Debug|Any CPU
		{408CD921-FDDB-4B4B-B852-97217016B66B}.Debug|Any CPU.Build.0 = Debug|Any CPU
		{408CD921-FDDB-4B4B-B852-97217016B66B}.Release|Any CPU.ActiveCfg = Release|Any CPU
		{408CD921-FDDB-4B4B-B852-97217016B66B}.Release|Any CPU.Build.0 = Release|Any CPU
		{A9DE48A7-ABF8-4A4B-9BB9-97649C30249B}.Debug|Any CPU.ActiveCfg = Debug|Any CPU
		{A9DE48A7-ABF8-4A4B-9BB9-97649C30249B}.Debug|Any CPU.Build.0 = Debug|Any CPU
		{A9DE48A7-ABF8-4A4B-9BB9-97649C30249B}.Release|Any CPU.ActiveCfg = Release|Any CPU
		{A9DE48A7-ABF8-4A4B-9BB9-97649C30249B}.Release|Any CPU.Build.0 = Release|Any CPU
		{091C28F5-F508-423E-A449-09C6F7DFF6AA}.Debug|Any CPU.ActiveCfg = Debug|Any CPU
		{091C28F5-F508-423E-A449-09C6F7DFF6AA}.Debug|Any CPU.Build.0 = Debug|Any CPU
		{091C28F5-F508-423E-A449-09C6F7DFF6AA}.Release|Any CPU.ActiveCfg = Release|Any CPU
		{091C28F5-F508-423E-A449-09C6F7DFF6AA}.Release|Any CPU.Build.0 = Release|Any CPU
		{1314DD67-5075-495A-AF2F-67D8CFE894B8}.Debug|Any CPU.ActiveCfg = Debug|Any CPU
		{1314DD67-5075-495A-AF2F-67D8CFE894B8}.Debug|Any CPU.Build.0 = Debug|Any CPU
		{1314DD67-5075-495A-AF2F-67D8CFE894B8}.Release|Any CPU.ActiveCfg = Release|Any CPU
		{1314DD67-5075-495A-AF2F-67D8CFE894B8}.Release|Any CPU.Build.0 = Release|Any CPU
		{A49A749B-6CF3-4DE6-B061-6D9012B4BA40}.Debug|Any CPU.ActiveCfg = Debug|Any CPU
		{A49A749B-6CF3-4DE6-B061-6D9012B4BA40}.Debug|Any CPU.Build.0 = Debug|Any CPU
		{A49A749B-6CF3-4DE6-B061-6D9012B4BA40}.Release|Any CPU.ActiveCfg = Release|Any CPU
		{A49A749B-6CF3-4DE6-B061-6D9012B4BA40}.Release|Any CPU.Build.0 = Release|Any CPU
		{AE55D3A8-3273-465F-8965-D18C62550D5D}.Debug|Any CPU.ActiveCfg = Debug|Any CPU
		{AE55D3A8-3273-465F-8965-D18C62550D5D}.Debug|Any CPU.Build.0 = Debug|Any CPU
		{AE55D3A8-3273-465F-8965-D18C62550D5D}.Release|Any CPU.ActiveCfg = Release|Any CPU
		{AE55D3A8-3273-465F-8965-D18C62550D5D}.Release|Any CPU.Build.0 = Release|Any CPU
		{71A6BC26-016C-4BB1-8E79-510AFD15E138}.Debug|Any CPU.ActiveCfg = Debug|Any CPU
		{71A6BC26-016C-4BB1-8E79-510AFD15E138}.Debug|Any CPU.Build.0 = Debug|Any CPU
		{71A6BC26-016C-4BB1-8E79-510AFD15E138}.Release|Any CPU.ActiveCfg = Release|Any CPU
		{71A6BC26-016C-4BB1-8E79-510AFD15E138}.Release|Any CPU.Build.0 = Release|Any CPU
		{283BC62B-1006-49AC-BA65-B801C9A128AC}.Debug|Any CPU.ActiveCfg = Debug|Any CPU
		{283BC62B-1006-49AC-BA65-B801C9A128AC}.Debug|Any CPU.Build.0 = Debug|Any CPU
		{283BC62B-1006-49AC-BA65-B801C9A128AC}.Release|Any CPU.ActiveCfg = Release|Any CPU
		{283BC62B-1006-49AC-BA65-B801C9A128AC}.Release|Any CPU.Build.0 = Release|Any CPU
		{8CCD57CE-B75B-4C28-B02D-13EB26E95191}.Debug|Any CPU.ActiveCfg = Debug|Any CPU
		{8CCD57CE-B75B-4C28-B02D-13EB26E95191}.Debug|Any CPU.Build.0 = Debug|Any CPU
		{8CCD57CE-B75B-4C28-B02D-13EB26E95191}.Release|Any CPU.ActiveCfg = Release|Any CPU
		{8CCD57CE-B75B-4C28-B02D-13EB26E95191}.Release|Any CPU.Build.0 = Release|Any CPU
	EndGlobalSection
	GlobalSection(SolutionProperties) = preSolution
		HideSolutionNode = FALSE
	EndGlobalSection
	GlobalSection(NestedProjects) = preSolution
		{1366F4BF-ED30-44DD-8E48-2B28DB79C75F} = {32EAE84D-3198-47D1-B7BD-21466DCBE261}
		{3FB6C4BF-AA67-4A14-BCFB-0B939D0ACE56} = {32EAE84D-3198-47D1-B7BD-21466DCBE261}
		{CBB17C88-FF94-44C9-8B54-6BF3F736843A} = {32EAE84D-3198-47D1-B7BD-21466DCBE261}
		{899DC51B-F27B-4518-97F7-1B17F6D38CED} = {32EAE84D-3198-47D1-B7BD-21466DCBE261}
		{95ECA1F7-FA5D-463B-9D8F-FD05DD29FD59} = {32EAE84D-3198-47D1-B7BD-21466DCBE261}
		{9F3D2353-8BD1-48F7-9CE6-185236C45344} = {5F689EED-65C8-4631-8060-EE0921F0360D}
		{AE55D3A8-3273-465F-8965-D18C62550D5D} = {FACC8359-BE73-404C-9B91-1649FF9D90FD}
		{71A6BC26-016C-4BB1-8E79-510AFD15E138} = {FACC8359-BE73-404C-9B91-1649FF9D90FD}
		{283BC62B-1006-49AC-BA65-B801C9A128AC} = {FACC8359-BE73-404C-9B91-1649FF9D90FD}
	EndGlobalSection
	GlobalSection(ExtensibilityGlobals) = postSolution
		SolutionGuid = {29344043-0AEC-4C74-96F7-36216B55F54C}
	EndGlobalSection
EndGlobal
